
Microsoft Visual Studio Solution File, Format Version 12.00
# Visual Studio Version 17
VisualStudioVersion = 17.5.002.0
MinimumVisualStudioVersion = 10.0.40219.1
Project("{9A19103F-16F7-4668-BE54-9A1E7A4F7556}") = "UICatalog", "UICatalog.csproj", "{DDEBE838-FCE7-4ED3-91ED-1B14B01F9BD2}"
EndProject
Global
	GlobalSection(SolutionConfigurationPlatforms) = preSolution
		Debug|Any CPU = Debug|Any CPU
		Release|Any CPU = Release|Any CPU
	EndGlobalSection
	GlobalSection(ProjectConfigurationPlatforms) = postSolution
		{DDEBE838-FCE7-4ED3-91ED-1B14B01F9BD2}.Debug|Any CPU.ActiveCfg = Debug|Any CPU
		{DDEBE838-FCE7-4ED3-91ED-1B14B01F9BD2}.Debug|Any CPU.Build.0 = Debug|Any CPU
		{DDEBE838-FCE7-4ED3-91ED-1B14B01F9BD2}.Release|Any CPU.ActiveCfg = Release|Any CPU
		{DDEBE838-FCE7-4ED3-91ED-1B14B01F9BD2}.Release|Any CPU.Build.0 = Release|Any CPU
	EndGlobalSection
	GlobalSection(SolutionProperties) = preSolution
		HideSolutionNode = FALSE
	EndGlobalSection
	GlobalSection(ExtensibilityGlobals) = postSolution
		SolutionGuid = {40C1CD2F-CFEE-4C7A-8935-5D464720DA6B}
	EndGlobalSection
EndGlobal
